PODS:
  - Alamofire (5.10.2)
  - IQKeyboardManager (6.5.19)
  - Loaf (0.7.0)
  - SnapKit (5.7.1)
  - SwiftyStoreKit (0.16.1)

DEPENDENCIES:
  - Alamofire
  - IQKeyboardManager
  - Loaf
  - SnapKit
  - SwiftyStoreKit

SPEC REPOS:
  trunk:
    - Alamofire
    - IQKeyboardManager
    - Loaf
    - SnapKit
    - SwiftyStoreKit

SPEC CHECKSUMS:
  Alamofire: 7193b3b92c74a07f85569e1a6c4f4237291e7496
  IQKeyboardManager: c8665b3396bd0b79402b4c573eac345a31c7d485
  Loaf: d69937cd00649f3fa260beb8b7aef0a1feb861ef
  SnapKit: d612e99e678a2d3b95bf60b0705ed0a35c03484a
  SwiftyStoreKit: 6b9c08810269f030586dac1fae8e75871a82e84a

PODFILE CHECKSUM: a0a7b041e18febcc6e6d387c793a180933f2f0b7

COCOAPODS: 1.16.2
